
Microsoft Visual Studio Solution File, Format Version 12.00
# Visual Studio 14
VisualStudioVersion = 14.0.23107.0
MinimumVisualStudioVersion = 10.0.40219.1
Project("{FAE04EC0-301F-11D3-BF4B-00C04F79EFBC}") = "SurfCalendar.Tests", "SurfCalendar.Tests\SurfCalendar.Tests.csproj", "{A02CC1F0-14A4-4B4B-81B9-F8AF2A172492}"
EndProject
Project("{FAE04EC0-301F-11D3-BF4B-00C04F79EFBC}") = "SurfCalendar", "SurfCalendar\SurfCalendar.csproj", "{4A7C6E9B-4D43-4504-B3BF-A8EECCAABCB0}"
EndProject
Project("{00D1A9C2-B5F0-4AF3-8072-F6C62B433612}") = "SurfCalendar.Database", "SurfCalendar.Database\SurfCalendar.Database.sqlproj", "{C2E54906-6DE8-4064-BCA2-BEA7A14AC08A}"
EndProject
Global
	GlobalSection(SolutionConfigurationPlatforms) = preSolution
		Debug|Any CPU = Debug|Any CPU
		Release|Any CPU = Release|Any CPU
	EndGlobalSection
	GlobalSection(ProjectConfigurationPlatforms) = postSolution
		{A02CC1F0-14A4-4B4B-81B9-F8AF2A172492}.Debug|Any CPU.ActiveCfg = Debug|Any CPU
		{A02CC1F0-14A4-4B4B-81B9-F8AF2A172492}.Debug|Any CPU.Build.0 = Debug|Any CPU
		{A02CC1F0-14A4-4B4B-81B9-F8AF2A172492}.Release|Any CPU.ActiveCfg = Release|Any CPU
		{A02CC1F0-14A4-4B4B-81B9-F8AF2A172492}.Release|Any CPU.Build.0 = Release|Any CPU
		{4A7C6E9B-4D43-4504-B3BF-A8EECCAABCB0}.Debug|Any CPU.ActiveCfg = Debug|Any CPU
		{4A7C6E9B-4D43-4504-B3BF-A8EECCAABCB0}.Debug|Any CPU.Build.0 = Debug|Any CPU
		{4A7C6E9B-4D43-4504-B3BF-A8EECCAABCB0}.Release|Any CPU.ActiveCfg = Release|Any CPU
		{4A7C6E9B-4D43-4504-B3BF-A8EECCAABCB0}.Release|Any CPU.Build.0 = Release|Any CPU
		{C2E54906-6DE8-4064-BCA2-BEA7A14AC08A}.Debug|Any CPU.ActiveCfg = Debug|Any CPU
		{C2E54906-6DE8-4064-BCA2-BEA7A14AC08A}.Debug|Any CPU.Build.0 = Debug|Any CPU
		{C2E54906-6DE8-4064-BCA2-BEA7A14AC08A}.Debug|Any CPU.Deploy.0 = Debug|Any CPU
		{C2E54906-6DE8-4064-BCA2-BEA7A14AC08A}.Release|Any CPU.ActiveCfg = Release|Any CPU
		{C2E54906-6DE8-4064-BCA2-BEA7A14AC08A}.Release|Any CPU.Build.0 = Release|Any CPU
		{C2E54906-6DE8-4064-BCA2-BEA7A14AC08A}.Release|Any CPU.Deploy.0 = Release|Any CPU
	EndGlobalSection
	GlobalSection(SolutionProperties) = preSolution
		HideSolutionNode = FALSE
	EndGlobalSection
EndGlobal
