
Microsoft Visual Studio Solution File, Format Version 12.00
# Visual Studio 2012
Project("{FAE04EC0-301F-11D3-BF4B-00C04F79EFBC}") = "ReorganizePhotoInDirectories", "ReorganizePhotoInDirectories.csproj", "{2FED13A4-8C05-4D39-A126-F05205536E76}"
EndProject
Project("{FAE04EC0-301F-11D3-BF4B-00C04F79EFBC}") = "ReorganizeFilesInDirectory", "..\ReorganizeFilesInDirectory\ReorganizeFilesInDirectory.csproj", "{EBEAEE16-A310-499F-AADA-92125916A84C}"
EndProject
Global
	GlobalSection(SolutionConfigurationPlatforms) = preSolution
		Debug|Any CPU = Debug|Any CPU
		Release|Any CPU = Release|Any CPU
	EndGlobalSection
	GlobalSection(ProjectConfigurationPlatforms) = postSolution
		{2FED13A4-8C05-4D39-A126-F05205536E76}.Debug|Any CPU.ActiveCfg = Debug|Any CPU
		{2FED13A4-8C05-4D39-A126-F05205536E76}.Debug|Any CPU.Build.0 = Debug|Any CPU
		{2FED13A4-8C05-4D39-A126-F05205536E76}.Release|Any CPU.ActiveCfg = Release|Any CPU
		{2FED13A4-8C05-4D39-A126-F05205536E76}.Release|Any CPU.Build.0 = Release|Any CPU
		{EBEAEE16-A310-499F-AADA-92125916A84C}.Debug|Any CPU.ActiveCfg = Debug|Any CPU
		{EBEAEE16-A310-499F-AADA-92125916A84C}.Debug|Any CPU.Build.0 = Debug|Any CPU
		{EBEAEE16-A310-499F-AADA-92125916A84C}.Release|Any CPU.ActiveCfg = Release|Any CPU
		{EBEAEE16-A310-499F-AADA-92125916A84C}.Release|Any CPU.Build.0 = Release|Any CPU
	EndGlobalSection
	GlobalSection(SolutionProperties) = preSolution
		HideSolutionNode = FALSE
	EndGlobalSection
EndGlobal
